
Microsoft Visual Studio Solution File, Format Version 12.00
# Visual Studio 15
VisualStudioVersion = 15.0.28307.572
MinimumVisualStudioVersion = 10.0.40219.1
Project("{FAE04EC0-301F-11D3-BF4B-00C04F79EFBC}") = "StockMarket.Generic", "StockMarket.Generic\StockMarket.Generic.csproj", "{6BF1D85B-51F7-471E-8EE3-438E76D832B6}"
EndProject
Project("{FAE04EC0-301F-11D3-BF4B-00C04F79EFBC}") = "StockMarket.DataModel", "StockMarket.DataModel\StockMarket.DataModel.csproj", "{6EC15FB7-894B-475C-BA2A-FB556D9D9832}"
EndProject
Project("{FAE04EC0-301F-11D3-BF4B-00C04F79EFBC}") = "StockMarket.Generic.Test", "StockMarket.Generic.Test\StockMarket.Generic.Test.csproj", "{E354F263-E06F-4C1F-B427-1B83662E85EB}"
EndProject
Project("{FAE04EC0-301F-11D3-BF4B-00C04F79EFBC}") = "Framework.Generic", "..\Framework.Generic\Framework.Generic\Framework.Generic.csproj", "{90236CE3-7B97-457A-8BC2-9ACAED973488}"
EndProject
Project("{FAE04EC0-301F-11D3-BF4B-00C04F79EFBC}") = "Framework.Generic.Tests", "..\Framework.Generic\Framework.Generic.Tests\Framework.Generic.Tests.csproj", "{78DD3503-2D8E-492B-93D5-771C68ED5A63}"
EndProject
Project("{FAE04EC0-301F-11D3-BF4B-00C04F79EFBC}") = "StockMarket.DataModel.Test", "StockMarket.DataModel.Test\StockMarket.DataModel.Test.csproj", "{30505D26-76E1-4B68-B762-71B6A7B263D3}"
EndProject
Global
	GlobalSection(SolutionConfigurationPlatforms) = preSolution
		Debug|Any CPU = Debug|Any CPU
		Release|Any CPU = Release|Any CPU
	EndGlobalSection
	GlobalSection(ProjectConfigurationPlatforms) = postSolution
		{6BF1D85B-51F7-471E-8EE3-438E76D832B6}.Debug|Any CPU.ActiveCfg = Debug|Any CPU
		{6BF1D85B-51F7-471E-8EE3-438E76D832B6}.Debug|Any CPU.Build.0 = Debug|Any CPU
		{6BF1D85B-51F7-471E-8EE3-438E76D832B6}.Release|Any CPU.ActiveCfg = Release|Any CPU
		{6BF1D85B-51F7-471E-8EE3-438E76D832B6}.Release|Any CPU.Build.0 = Release|Any CPU
		{6EC15FB7-894B-475C-BA2A-FB556D9D9832}.Debug|Any CPU.ActiveCfg = Debug|Any CPU
		{6EC15FB7-894B-475C-BA2A-FB556D9D9832}.Debug|Any CPU.Build.0 = Debug|Any CPU
		{6EC15FB7-894B-475C-BA2A-FB556D9D9832}.Release|Any CPU.ActiveCfg = Release|Any CPU
		{6EC15FB7-894B-475C-BA2A-FB556D9D9832}.Release|Any CPU.Build.0 = Release|Any CPU
		{E354F263-E06F-4C1F-B427-1B83662E85EB}.Debug|Any CPU.ActiveCfg = Debug|Any CPU
		{E354F263-E06F-4C1F-B427-1B83662E85EB}.Debug|Any CPU.Build.0 = Debug|Any CPU
		{E354F263-E06F-4C1F-B427-1B83662E85EB}.Release|Any CPU.ActiveCfg = Release|Any CPU
		{E354F263-E06F-4C1F-B427-1B83662E85EB}.Release|Any CPU.Build.0 = Release|Any CPU
		{90236CE3-7B97-457A-8BC2-9ACAED973488}.Debug|Any CPU.ActiveCfg = Debug|Any CPU
		{90236CE3-7B97-457A-8BC2-9ACAED973488}.Debug|Any CPU.Build.0 = Debug|Any CPU
		{90236CE3-7B97-457A-8BC2-9ACAED973488}.Release|Any CPU.ActiveCfg = Release|Any CPU
		{90236CE3-7B97-457A-8BC2-9ACAED973488}.Release|Any CPU.Build.0 = Release|Any CPU
		{78DD3503-2D8E-492B-93D5-771C68ED5A63}.Debug|Any CPU.ActiveCfg = Debug|Any CPU
		{78DD3503-2D8E-492B-93D5-771C68ED5A63}.Debug|Any CPU.Build.0 = Debug|Any CPU
		{78DD3503-2D8E-492B-93D5-771C68ED5A63}.Release|Any CPU.ActiveCfg = Release|Any CPU
		{78DD3503-2D8E-492B-93D5-771C68ED5A63}.Release|Any CPU.Build.0 = Release|Any CPU
		{30505D26-76E1-4B68-B762-71B6A7B263D3}.Debug|Any CPU.ActiveCfg = Debug|Any CPU
		{30505D26-76E1-4B68-B762-71B6A7B263D3}.Debug|Any CPU.Build.0 = Debug|Any CPU
		{30505D26-76E1-4B68-B762-71B6A7B263D3}.Release|Any CPU.ActiveCfg = Release|Any CPU
		{30505D26-76E1-4B68-B762-71B6A7B263D3}.Release|Any CPU.Build.0 = Release|Any CPU
	EndGlobalSection
	GlobalSection(SolutionProperties) = preSolution
		HideSolutionNode = FALSE
	EndGlobalSection
	GlobalSection(ExtensibilityGlobals) = postSolution
		SolutionGuid = {EB8F1B9B-1CE0-4B79-964A-E38EC603834C}
	EndGlobalSection
EndGlobal
